// !$*UTF8*$!
{
	archiveVersion = 1;
	classes = {
	};
	objectVersion = 46;
	objects = {

/* Begin PBXBuildFile section */
		5F7ACF8C1D03104C00364433 /* main.m in Sources */ = {isa = PBXBuildFile; fileRef = 5F7ACF8B1D03104C00364433 /* main.m */; };
		5F7ACF8F1D03104C00364433 /* AppDelegate.m in Sources */ = {isa = PBXBuildFile; fileRef = 5F7ACF8E1D03104C00364433 /* AppDelegate.m */; };
		5F7ACF951D03104C00364433 /* Main.storyboard in Resources */ = {isa = PBXBuildFile; fileRef = 5F7ACF931D03104C00364433 /* Main.storyboard */; };
		5F7ACF971D03104C00364433 /* Assets.xcassets in Resources */ = {isa = PBXBuildFile; fileRef = 5F7ACF961D03104C00364433 /* Assets.xcassets */; };
		5F7ACF9A1D03104C00364433 /* LaunchScreen.storyboard in Resources */ = {isa = PBXBuildFile; fileRef = 5F7ACF981D03104C00364433 /* LaunchScreen.storyboard */; };
		5F7ACFA31D03108000364433 /* UIImage+Colors.m in Sources */ = {isa = PBXBuildFile; fileRef = 5F7ACFA21D03108000364433 /* UIImage+Colors.m */; };
		5F7ACFA61D0311D400364433 /* UIColor+Convert.m in Sources */ = {isa = PBXBuildFile; fileRef = 5F7ACFA51D0311D400364433 /* UIColor+Convert.m */; };
		5F7ACFA91D031B0500364433 /* TableViewController.m in Sources */ = {isa = PBXBuildFile; fileRef = 5F7ACFA81D031B0500364433 /* TableViewController.m */; };
		5F7ACFAC1D031B1900364433 /* TableViewCell.m in Sources */ = {isa = PBXBuildFile; fileRef = 5F7ACFAB1D031B1900364433 /* TableViewCell.m */; };
/* End PBXBuildFile section */

/* Begin PBXFileReference section */
		5F7ACF871D03104C00364433 /* ImageColors.app */ = {isa = PBXFileReference; explicitFileType = wrapper.application; includeInIndex = 0; path = ImageColors.app; sourceTree = BUILT_PRODUCTS_DIR; };
		5F7ACF8B1D03104C00364433 /* main.m */ = {isa = PBXFileReference; lastKnownFileType = sourcecode.c.objc; path = main.m; sourceTree = "<group>"; };
		5F7ACF8D1D03104C00364433 /* AppDelegate.h */ = {isa = PBXFileReference; lastKnownFileType = sourcecode.c.h; path = AppDelegate.h; sourceTree = "<group>"; };
		5F7ACF8E1D03104C00364433 /* AppDelegate.m */ = {isa = PBXFileReference; lastKnownFileType = sourcecode.c.objc; path = AppDelegate.m; sourceTree = "<group>"; };
		5F7ACF941D03104C00364433 /* Base */ = {isa = PBXFileReference; lastKnownFileType = file.storyboard; name = Base; path = Base.lproj/Main.storyboard; sourceTree = "<group>"; };
		5F7ACF961D03104C00364433 /* Assets.xcassets */ = {isa = PBXFileReference; lastKnownFileType = folder.assetcatalog; path = Assets.xcassets; sourceTree = "<group>"; };
		5F7ACF991D03104C00364433 /* Base */ = {isa = PBXFileReference; lastKnownFileType = file.storyboard; name = Base; path = Base.lproj/LaunchScreen.storyboard; sourceTree = "<group>"; };
		5F7ACF9B1D03104C00364433 /* Info.plist */ = {isa = PBXFileReference; lastKnownFileType = text.plist.xml; path = Info.plist; sourceTree = "<group>"; };
		5F7ACFA11D03108000364433 /* UIImage+Colors.h */ = {isa = PBXFileReference; fileEncoding = 4; lastKnownFileType = sourcecode.c.h; path = "UIImage+Colors.h"; sourceTree = "<group>"; };
		5F7ACFA21D03108000364433 /* UIImage+Colors.m */ = {isa = PBXFileReference; fileEncoding = 4; lastKnownFileType = sourcecode.c.objc; path = "UIImage+Colors.m"; sourceTree = "<group>"; };
		5F7ACFA41D0311D400364433 /* UIColor+Convert.h */ = {isa = PBXFileReference; fileEncoding = 4; lastKnownFileType = sourcecode.c.h; path = "UIColor+Convert.h"; sourceTree = "<group>"; };
		5F7ACFA51D0311D400364433 /* UIColor+Convert.m */ = {isa = PBXFileReference; fileEncoding = 4; lastKnownFileType = sourcecode.c.objc; path = "UIColor+Convert.m"; sourceTree = "<group>"; };
		5F7ACFA71D031B0500364433 /* TableViewController.h */ = {isa = PBXFileReference; fileEncoding = 4; lastKnownFileType = sourcecode.c.h; path = TableViewController.h; sourceTree = "<group>"; };
		5F7ACFA81D031B0500364433 /* TableViewController.m */ = {isa = PBXFileReference; fileEncoding = 4; lastKnownFileType = sourcecode.c.objc; path = TableViewController.m; sourceTree = "<group>"; };
		5F7ACFAA1D031B1900364433 /* TableViewCell.h */ = {isa = PBXFileReference; fileEncoding = 4; lastKnownFileType = sourcecode.c.h; path = TableViewCell.h; sourceTree = "<group>"; };
		5F7ACFAB1D031B1900364433 /* TableViewCell.m */ = {isa = PBXFileReference; fileEncoding = 4; lastKnownFileType = sourcecode.c.objc; path = TableViewCell.m; sourceTree = "<group>"; };
/* End PBXFileReference section */

/* Begin PBXFrameworksBuildPhase section */
		5F7ACF841D03104C00364433 /* Frameworks */ = {
			isa = PBXFrameworksBuildPhase;
			buildActionMask = 2147483647;
			files = (
			);
			runOnlyForDeploymentPostprocessing = 0;
		};
/* End PBXFrameworksBuildPhase section */

/* Begin PBXGroup section */
		5F7ACF7E1D03104C00364433 = {
			isa = PBXGroup;
			children = (
				5F7ACF891D03104C00364433 /* ImageColors */,
				5F7ACF881D03104C00364433 /* Products */,
			);
			sourceTree = "<group>";
		};
		5F7ACF881D03104C00364433 /* Products */ = {
			isa = PBXGroup;
			children = (
				5F7ACF871D03104C00364433 /* ImageColors.app */,
			);
			name = Products;
			sourceTree = "<group>";
		};
		5F7ACF891D03104C00364433 /* ImageColors */ = {
			isa = PBXGroup;
			children = (
				5F7ACF8D1D03104C00364433 /* AppDelegate.h */,
				5F7ACF8E1D03104C00364433 /* AppDelegate.m */,
				5F7ACFA71D031B0500364433 /* TableViewController.h */,
				5F7ACFA81D031B0500364433 /* TableViewController.m */,
				5F7ACFAA1D031B1900364433 /* TableViewCell.h */,
				5F7ACFAB1D031B1900364433 /* TableViewCell.m */,
				5F7ACF931D03104C00364433 /* Main.storyboard */,
				5F7ACF961D03104C00364433 /* Assets.xcassets */,
				5F7ACF981D03104C00364433 /* LaunchScreen.storyboard */,
				5F7ACF9B1D03104C00364433 /* Info.plist */,
				5F7ACF8A1D03104C00364433 /* Supporting Files */,
				5F7ACFA11D03108000364433 /* UIImage+Colors.h */,
				5F7ACFA21D03108000364433 /* UIImage+Colors.m */,
				5F7ACFA41D0311D400364433 /* UIColor+Convert.h */,
				5F7ACFA51D0311D400364433 /* UIColor+Convert.m */,
			);
			path = ImageColors;
			sourceTree = "<group>";
		};
		5F7ACF8A1D03104C00364433 /* Supporting Files */ = {
			isa = PBXGroup;
			children = (
				5F7ACF8B1D03104C00364433 /* main.m */,
			);
			name = "Supporting Files";
			sourceTree = "<group>";
		};
/* End PBXGroup section */

/* Begin PBXNativeTarget section */
		5F7ACF861D03104C00364433 /* ImageColors */ = {
			isa = PBXNativeTarget;
			buildConfigurationList = 5F7ACF9E1D03104C00364433 /* Build configuration list for PBXNativeTarget "ImageColors" */;
			buildPhases = (
				5F7ACF831D03104C00364433 /* Sources */,
				5F7ACF841D03104C00364433 /* Frameworks */,
				5F7ACF851D03104C00364433 /* Resources */,
			);
			buildRules = (
			);
			dependencies = (
			);
			name = ImageColors;
			productName = ImageColors;
			productReference = 5F7ACF871D03104C00364433 /* ImageColors.app */;
			productType = "com.apple.product-type.application";
		};
/* End PBXNativeTarget section */

/* Begin PBXProject section */
		5F7ACF7F1D03104C00364433 /* Project object */ = {
			isa = PBXProject;
			attributes = {
				LastUpgradeCheck = 0730;
				ORGANIZATIONNAME = LiuXuanyi;
				TargetAttributes = {
					5F7ACF861D03104C00364433 = {
						CreatedOnToolsVersion = 7.3.1;
					};
				};
			};
			buildConfigurationList = 5F7ACF821D03104C00364433 /* Build configuration list for PBXProject "ImageColors" */;
			compatibilityVersion = "Xcode 3.2";
			developmentRegion = English;
			hasScannedForEncodings = 0;
			knownRegions = (
				en,
				Base,
			);
			mainGroup = 5F7ACF7E1D03104C00364433;
			productRefGroup = 5F7ACF881D03104C00364433 /* Products */;
			projectDirPath = "";
			projectRoot = "";
			targets = (
				5F7ACF861D03104C00364433 /* ImageColors */,
			);
		};
/* End PBXProject section */

/* Begin PBXResourcesBuildPhase section */
		5F7ACF851D03104C00364433 /* Resources */ = {
			isa = PBXResourcesBuildPhase;
			buildActionMask = 2147483647;
			files = (
				5F7ACF9A1D03104C00364433 /* LaunchScreen.storyboard in Resources */,
				5F7ACF971D03104C00364433 /* Assets.xcassets in Resources */,
				5F7ACF951D03104C00364433 /* Main.storyboard in Resources */,
			);
			runOnlyForDeploymentPostprocessing = 0;
		};
/* End PBXResourcesBuildPhase section */

/* Begin PBXSourcesBuildPhase section */
		5F7ACF831D03104C00364433 /* Sources */ = {
			isa = PBXSourcesBuildPhase;
			buildActionMask = 2147483647;
			files = (
				5F7ACFA31D03108000364433 /* UIImage+Colors.m in Sources */,
				5F7ACFAC1D031B1900364433 /* TableViewCell.m in Sources */,
				5F7ACF8F1D03104C00364433 /* AppDelegate.m in Sources */,
				5F7ACFA61D0311D400364433 /* UIColor+Convert.m in Sources */,
				5F7ACFA91D031B0500364433 /* TableViewController.m in Sources */,
				5F7ACF8C1D03104C00364433 /* main.m in Sources */,
			);
			runOnlyForDeploymentPostprocessing = 0;
		};
/* End PBXSourcesBuildPhase section */

/* Begin PBXVariantGroup section */
		5F7ACF931D03104C00364433 /* Main.storyboard */ = {
			isa = PBXVariantGroup;
			children = (
				5F7ACF941D03104C00364433 /* Base */,
			);
			name = Main.storyboard;
			sourceTree = "<group>";
		};
		5F7ACF981D03104C00364433 /* LaunchScreen.storyboard */ = {
			isa = PBXVariantGroup;
			children = (
				5F7ACF991D03104C00364433 /* Base */,
			);
			name = LaunchScreen.storyboard;
			sourceTree = "<group>";
		};
/* End PBXVariantGroup section */

/* Begin XCBuildConfiguration section */
		5F7ACF9C1D03104C00364433 /* Debug */ = {
			isa = XCBuildConfiguration;
			buildSettings = {
				ALWAYS_SEARCH_USER_PATHS = NO;
				CLANG_ANALYZER_NONNULL = YES;
				CLANG_CXX_LANGUAGE_STANDARD = "gnu++0x";
				CLANG_CXX_LIBRARY = "libc++";
				CLANG_ENABLE_MODULES = YES;
				CLANG_ENABLE_OBJC_ARC = YES;
				CLANG_WARN_BOOL_CONVERSION = YES;
				CLANG_WARN_CONSTANT_CONVERSION = YES;
				CLANG_WARN_DIRECT_OBJC_ISA_USAGE = YES_ERROR;
				CLANG_WARN_EMPTY_BODY = YES;
				CLANG_WARN_ENUM_CONVERSION = YES;
				CLANG_WARN_INT_CONVERSION = YES;
				CLANG_WARN_OBJC_ROOT_CLASS = YES_ERROR;
				CLANG_WARN_UNREACHABLE_CODE = YES;
				CLANG_WARN__DUPLICATE_METHOD_MATCH = YES;
				"CODE_SIGN_IDENTITY[sdk=iphoneos*]" = "iPhone Developer";
				COPY_PHASE_STRIP = NO;
				DEBUG_INFORMATION_FORMAT = dwarf;
				ENABLE_STRICT_OBJC_MSGSEND = YES;
				ENABLE_TESTABILITY = YES;
				GCC_C_LANGUAGE_STANDARD = gnu99;
				GCC_DYNAMIC_NO_PIC = NO;
				GCC_NO_COMMON_BLOCKS = YES;
				GCC_OPTIMIZATION_LEVEL = 0;
				GCC_PREPROCESSOR_DEFINITIONS = (
					"DEBUG=1",
					"$(inherited)",
				);
				GCC_WARN_64_TO_32_BIT_CONVERSION = YES;
				GCC_WARN_ABOUT_RETURN_TYPE = YES_ERROR;
				GCC_WARN_UNDECLARED_SELECTOR = YES;
				GCC_WARN_UNINITIALIZED_AUTOS = YES_AGGRESSIVE;
				GCC_WARN_UNUSED_FUNCTION = YES;
				GCC_WARN_UNUSED_VARIABLE = YES;
				IPHONEOS_DEPLOYMENT_TARGET = 9.3;
				MTL_ENABLE_DEBUG_INFO = YES;
				ONLY_ACTIVE_ARCH = YES;
				SDKROOT = iphoneos;
			};
			name = Debug;
		};
		5F7ACF9D1D03104C00364433 /* Release */ = {
			isa = XCBuildConfiguration;
			buildSettings = {
				ALWAYS_SEARCH_USER_PATHS = NO;
				CLANG_ANALYZER_NONNULL = YES;
				CLANG_CXX_LANGUAGE_STANDARD = "gnu++0x";
				CLANG_CXX_LIBRARY = "libc++";
				CLANG_ENABLE_MODULES = YES;
				CLANG_ENABLE_OBJC_ARC = YES;
				CLANG_WARN_BOOL_CONVERSION = YES;
				CLANG_WARN_CONSTANT_CONVERSION = YES;
				CLANG_WARN_DIRECT_OBJC_ISA_USAGE = YES_ERROR;
				CLANG_WARN_EMPTY_BODY = YES;
				CLANG_WARN_ENUM_CONVERSION = YES;
				CLANG_WARN_INT_CONVERSION = YES;
				CLANG_WARN_OBJC_ROOT_CLASS = YES_ERROR;
				CLANG_WARN_UNREACHABLE_CODE = YES;
				CLANG_WARN__DUPLICATE_METHOD_MATCH = YES;
				"CODE_SIGN_IDENTITY[sdk=iphoneos*]" = "iPhone Developer";
				COPY_PHASE_STRIP = NO;
				DEBUG_INFORMATION_FORMAT = "dwarf-with-dsym";
				ENABLE_NS_ASSERTIONS = NO;
				ENABLE_STRICT_OBJC_MSGSEND = YES;
				GCC_C_LANGUAGE_STANDARD = gnu99;
				GCC_NO_COMMON_BLOCKS = YES;
				GCC_WARN_64_TO_32_BIT_CONVERSION = YES;
				GCC_WARN_ABOUT_RETURN_TYPE = YES_ERROR;
				GCC_WARN_UNDECLARED_SELECTOR = YES;
				GCC_WARN_UNINITIALIZED_AUTOS = YES_AGGRESSIVE;
				GCC_WARN_UNUSED_FUNCTION = YES;
				GCC_WARN_UNUSED_VARIABLE = YES;
				IPHONEOS_DEPLOYMENT_TARGET = 9.3;
				MTL_ENABLE_DEBUG_INFO = NO;
				SDKROOT = iphoneos;
				VALIDATE_PRODUCT = YES;
			};
			name = Release;
		};
		5F7ACF9F1D03104C00364433 /* Debug */ = {
			isa = XCBuildConfiguration;
			buildSettings = {
				ASSETCATALOG_COMPILER_APPICON_NAME = AppIcon;
				INFOPLIST_FILE = ImageColors/Info.plist;
				LD_RUNPATH_SEARCH_PATHS = "$(inherited) @executable_path/Frameworks";
				PRODUCT_BUNDLE_IDENTIFIER = com.xuanyiliu.ImageColors;
				PRODUCT_NAME = "$(TARGET_NAME)";
			};
			name = Debug;
		};
		5F7ACFA01D03104C00364433 /* Release */ = {
			isa = XCBuildConfiguration;
			buildSettings = {
				ASSETCATALOG_COMPILER_APPICON_NAME = AppIcon;
				INFOPLIST_FILE = ImageColors/Info.plist;
				LD_RUNPATH_SEARCH_PATHS = "$(inherited) @executable_path/Frameworks";
				PRODUCT_BUNDLE_IDENTIFIER = com.xuanyiliu.ImageColors;
				PRODUCT_NAME = "$(TARGET_NAME)";
			};
			name = Release;
		};
/* End XCBuildConfiguration section */

/* Begin XCConfigurationList section */
		5F7ACF821D03104C00364433 /* Build configuration list for PBXProject "ImageColors" */ = {
			isa = XCConfigurationList;
			buildConfigurations = (
				5F7ACF9C1D03104C00364433 /* Debug */,
				5F7ACF9D1D03104C00364433 /* Release */,
			);
			defaultConfigurationIsVisible = 0;
			defaultConfigurationName = Release;
		};
		5F7ACF9E1D03104C00364433 /* Build configuration list for PBXNativeTarget "ImageColors" */ = {
			isa = XCConfigurationList;
			buildConfigurations = (
				5F7ACF9F1D03104C00364433 /* Debug */,
				5F7ACFA01D03104C00364433 /* Release */,
			);
			defaultConfigurationIsVisible = 0;
		};
/* End XCConfigurationList section */
	};
	rootObject = 5F7ACF7F1D03104C00364433 /* Project object */;
}
